{
  "name": "npm",
  "version": "1.0.0",
  "lockfileVersion": 2,
  "requires": true,
  "packages": {
    "": {
      "name": "npm",
      "version": "1.0.0",
      "license": "ISC",
      "dependencies": {
        "@genql/runtime": "https://gitpkg.now.sh/remorses/genql/runtime?4e431e1a6e2cea513cad91614f3a9ef794f94d07"
      }
    },
    "node_modules/@genql/runtime": {
      "version": "2.6.0",
      "resolved": "https://gitpkg.now.sh/remorses/genql/runtime?4e431e1a6e2cea513cad91614f3a9ef794f94d07",
      "integrity": "sha512-bR8HpdW3R4oC8xZigaSY3z4uHXGN1GbjhGkn3FF0YcwaGLKHk/t8M9+tQ1HTHA2otdsjPanCkSdaSAKU4rh3eQ==",
      "license": "ISC",
      "dependencies": {
        "@types/qs": "^6.9.0",
        "@types/ws": "^6.0.1",
        "graphql-query-batcher": "^1.0.1",
        "isomorphic-unfetch": "^3.0.0",
        "lodash": "^4.17.20",
        "subscriptions-transport-ws": "^0.9.16",
        "tslib": "^2.0.0",
        "utility-types": "^3.10.0",
        "ws": "^6.1.4",
        "zen-observable-ts": "^0.8.21"
      },
      "peerDependencies": {
        "graphql": "*"
      }
    },
    "node_modules/@types/node": {
      "version": "16.11.1",
      "resolved": "https://registry.npmjs.org/@types/node/-/node-16.11.1.tgz",
      "integrity": "sha512-PYGcJHL9mwl1Ek3PLiYgyEKtwTMmkMw4vbiyz/ps3pfdRYLVv+SN7qHVAImrjdAXxgluDEw6Ph4lyv+m9UpRmA=="
    },
    "node_modules/@types/qs": {
      "version": "6.9.7",
      "resolved": "https://registry.npmjs.org/@types/qs/-/qs-6.9.7.tgz",
      "integrity": "sha512-FGa1F62FT09qcrueBA6qYTrJPVDzah9a+493+o2PCXsesWHIn27G98TsSMs3WPNbZIEj4+VJf6saSFpvD+3Zsw=="
    },
    "node_modules/@types/ws": {
      "version": "6.0.4",
      "resolved": "https://registry.npmjs.org/@types/ws/-/ws-6.0.4.tgz",
      "integrity": "sha512-PpPrX7SZW9re6+Ha8ojZG4Se8AZXgf0GK6zmfqEuCsY49LFDNXO3SByp44X3dFEqtB73lkCDAdUazhAjVPiNwg==",
      "dependencies": {
        "@types/node": "*"
      }
    },
    "node_modules/async-limiter": {
      "version": "1.0.1",
      "resolved": "https://registry.npmjs.org/async-limiter/-/async-limiter-1.0.1.tgz",
      "integrity": "sha512-csOlWGAcRFJaI6m+F2WKdnMKr4HhdhFVBk0H/QbJFMCr+uO2kwohwXQPxw/9OCxp05r5ghVBFSyioixx3gfkNQ=="
    },
    "node_modules/backo2": {
      "version": "1.0.2",
      "resolved": "https://registry.npmjs.org/backo2/-/backo2-1.0.2.tgz",
      "integrity": "sha1-MasayLEpNjRj41s+u2n038+6eUc="
    },
    "node_modules/eventemitter3": {
      "version": "3.1.2",
      "resolved": "https://registry.npmjs.org/eventemitter3/-/eventemitter3-3.1.2.tgz",
      "integrity": "sha512-tvtQIeLVHjDkJYnzf2dgVMxfuSGJeM/7UCG17TT4EumTfNtF+0nebF/4zWOIkCreAbtNqhGEboB6BWrwqNaw4Q=="
    },
    "node_modules/graphql": {
      "version": "15.6.1",
      "resolved": "https://registry.npmjs.org/graphql/-/graphql-15.6.1.tgz",
      "integrity": "sha512-3i5lu0z6dRvJ48QP9kFxBkJ7h4Kso7PS8eahyTFz5Jm6CvQfLtNIE8LX9N6JLnXTuwR+sIYnXzaWp6anOg0QQw==",
      "peer": true,
      "engines": {
        "node": ">= 10.x"
      }
    },
    "node_modules/graphql-query-batcher": {
      "version": "1.0.1",
      "resolved": "https://registry.npmjs.org/graphql-query-batcher/-/graphql-query-batcher-1.0.1.tgz",
      "integrity": "sha512-NGntvsC2R6c+yqOiMfKXZL3/PpQUIpy70RgroPXRcuDJ1wxJJFesJAEu3Wv5gLbOpr/xPqXCMw2yTGHbqs8uqQ=="
    },
    "node_modules/isomorphic-unfetch": {
      "version": "3.1.0",
      "resolved": "https://registry.npmjs.org/isomorphic-unfetch/-/isomorphic-unfetch-3.1.0.tgz",
      "integrity": "sha512-geDJjpoZ8N0kWexiwkX8F9NkTsXhetLPVbZFQ+JTW239QNOwvB0gniuR1Wc6f0AMTn7/mFGyXvHTifrCp/GH8Q==",
      "dependencies": {
        "node-fetch": "^2.6.1",
        "unfetch": "^4.2.0"
      }
    },
    "node_modules/iterall": {
      "version": "1.3.0",
      "resolved": "https://registry.npmjs.org/iterall/-/iterall-1.3.0.tgz",
      "integrity": "sha512-QZ9qOMdF+QLHxy1QIpUHUU1D5pS2CG2P69LF6L6CPjPYA/XMOmKV3PZpawHoAjHNyB0swdVTRxdYT4tbBbxqwg=="
    },
    "node_modules/lodash": {
      "version": "4.17.21",
      "resolved": "https://registry.npmjs.org/lodash/-/lodash-4.17.21.tgz",
      "integrity": "sha512-v2kDEe57lecTulaDIuNTPy3Ry4gLGJ6Z1O3vE1krgXZNrsQ+LFTGHVxVjcXPs17LhbZVGedAJv8XZ1tvj5FvSg=="
    },
    "node_modules/node-fetch": {
      "version": "2.6.5",
      "resolved": "https://registry.npmjs.org/node-fetch/-/node-fetch-2.6.5.tgz",
      "integrity": "sha512-mmlIVHJEu5rnIxgEgez6b9GgWXbkZj5YZ7fx+2r94a2E+Uirsp6HsPTPlomfdHtpt/B0cdKviwkoaM6pyvUOpQ==",
      "dependencies": {
        "whatwg-url": "^5.0.0"
      },
      "engines": {
        "node": "4.x || >=6.0.0"
      }
    },
    "node_modules/subscriptions-transport-ws": {
      "version": "0.9.19",
      "resolved": "https://registry.npmjs.org/subscriptions-transport-ws/-/subscriptions-transport-ws-0.9.19.tgz",
      "integrity": "sha512-dxdemxFFB0ppCLg10FTtRqH/31FNRL1y1BQv8209MK5I4CwALb7iihQg+7p65lFcIl8MHatINWBLOqpgU4Kyyw==",
      "dependencies": {
        "backo2": "^1.0.2",
        "eventemitter3": "^3.1.0",
        "iterall": "^1.2.1",
        "symbol-observable": "^1.0.4",
        "ws": "^5.2.0 || ^6.0.0 || ^7.0.0"
      },
      "peerDependencies": {
        "graphql": ">=0.10.0"
      }
    },
    "node_modules/symbol-observable": {
      "version": "1.2.0",
      "resolved": "https://registry.npmjs.org/symbol-observable/-/symbol-observable-1.2.0.tgz",
      "integrity": "sha512-e900nM8RRtGhlV36KGEU9k65K3mPb1WV70OdjfxlG2EAuM1noi/E/BaW/uMhL7bPEssK8QV57vN3esixjUvcXQ==",
      "engines": {
        "node": ">=0.10.0"
      }
    },
    "node_modules/tr46": {
      "version": "0.0.3",
      "resolved": "https://registry.npmjs.org/tr46/-/tr46-0.0.3.tgz",
      "integrity": "sha1-gYT9NH2snNwYWZLzpmIuFLnZq2o="
    },
    "node_modules/tslib": {
      "version": "2.3.1",
      "resolved": "https://registry.npmjs.org/tslib/-/tslib-2.3.1.tgz",
      "integrity": "sha512-77EbyPPpMz+FRFRuAFlWMtmgUWGe9UOG2Z25NqCwiIjRhOf5iKGuzSe5P2w1laq+FkRy4p+PCuVkJSGkzTEKVw=="
    },
    "node_modules/unfetch": {
      "version": "4.2.0",
      "resolved": "https://registry.npmjs.org/unfetch/-/unfetch-4.2.0.tgz",
      "integrity": "sha512-F9p7yYCn6cIW9El1zi0HI6vqpeIvBsr3dSuRO6Xuppb1u5rXpCPmMvLSyECLhybr9isec8Ohl0hPekMVrEinDA=="
    },
    "node_modules/utility-types": {
      "version": "3.10.0",
      "resolved": "https://registry.npmjs.org/utility-types/-/utility-types-3.10.0.tgz",
      "integrity": "sha512-O11mqxmi7wMKCo6HKFt5AhO4BwY3VV68YU07tgxfz8zJTIxr4BpsezN49Ffwy9j3ZpwwJp4fkRwjRzq3uWE6Rg==",
      "engines": {
        "node": ">= 4"
      }
    },
    "node_modules/webidl-conversions": {
      "version": "3.0.1",
      "resolved": "https://registry.npmjs.org/webidl-conversions/-/webidl-conversions-3.0.1.tgz",
      "integrity": "sha1-JFNCdeKnvGvnvIZhHMFq4KVlSHE="
    },
    "node_modules/whatwg-url": {
      "version": "5.0.0",
      "resolved": "https://registry.npmjs.org/whatwg-url/-/whatwg-url-5.0.0.tgz",
      "integrity": "sha1-lmRU6HZUYuN2RNNib2dCzotwll0=",
      "dependencies": {
        "tr46": "~0.0.3",
        "webidl-conversions": "^3.0.0"
      }
    },
    "node_modules/ws": {
      "version": "6.2.2",
      "resolved": "https://registry.npmjs.org/ws/-/ws-6.2.2.tgz",
      "integrity": "sha512-zmhltoSR8u1cnDsD43TX59mzoMZsLKqUweyYBAIvTngR3shc0W6aOZylZmq/7hqyVxPdi+5Ud2QInblgyE72fw==",
      "dependencies": {
        "async-limiter": "~1.0.0"
      }
    },
    "node_modules/zen-observable": {
      "version": "0.8.15",
      "resolved": "https://registry.npmjs.org/zen-observable/-/zen-observable-0.8.15.tgz",
      "integrity": "sha512-PQ2PC7R9rslx84ndNBZB/Dkv8V8fZEpk83RLgXtYd0fwUgEjseMn1Dgajh2x6S8QbZAFa9p2qVCEuYZNgve0dQ=="
    },
    "node_modules/zen-observable-ts": {
      "version": "0.8.21",
      "resolved": "https://registry.npmjs.org/zen-observable-ts/-/zen-observable-ts-0.8.21.tgz",
      "integrity": "sha512-Yj3yXweRc8LdRMrCC8nIc4kkjWecPAUVh0TI0OUrWXx6aX790vLcDlWca6I4vsyCGH3LpWxq0dJRcMOFoVqmeg==",
      "dependencies": {
        "tslib": "^1.9.3",
        "zen-observable": "^0.8.0"
      }
    },
    "node_modules/zen-observable-ts/node_modules/tslib": {
      "version": "1.14.1",
      "resolved": "https://registry.npmjs.org/tslib/-/tslib-1.14.1.tgz",
      "integrity": "sha512-Xni35NKzjgMrwevysHTCArtLDpPvye8zV/0E4EyYn43P7/7qvQwPh9BGkHewbMulVntbigmcT7rdX3BNo9wRJg=="
    }
  },
  "dependencies": {
    "@genql/runtime": {
      "version": "https://gitpkg.now.sh/remorses/genql/runtime?4e431e1a6e2cea513cad91614f3a9ef794f94d07",
      "integrity": "sha512-bR8HpdW3R4oC8xZigaSY3z4uHXGN1GbjhGkn3FF0YcwaGLKHk/t8M9+tQ1HTHA2otdsjPanCkSdaSAKU4rh3eQ==",
      "requires": {
        "@types/qs": "^6.9.0",
        "@types/ws": "^6.0.1",
        "graphql-query-batcher": "^1.0.1",
        "isomorphic-unfetch": "^3.0.0",
        "lodash": "^4.17.20",
        "subscriptions-transport-ws": "^0.9.16",
        "tslib": "^2.0.0",
        "utility-types": "^3.10.0",
        "ws": "^6.1.4",
        "zen-observable-ts": "^0.8.21"
      }
    },
    "@types/node": {
      "version": "16.11.1",
      "resolved": "https://registry.npmjs.org/@types/node/-/node-16.11.1.tgz",
      "integrity": "sha512-PYGcJHL9mwl1Ek3PLiYgyEKtwTMmkMw4vbiyz/ps3pfdRYLVv+SN7qHVAImrjdAXxgluDEw6Ph4lyv+m9UpRmA=="
    },
    "@types/qs": {
      "version": "6.9.7",
      "resolved": "https://registry.npmjs.org/@types/qs/-/qs-6.9.7.tgz",
      "integrity": "sha512-FGa1F62FT09qcrueBA6qYTrJPVDzah9a+493+o2PCXsesWHIn27G98TsSMs3WPNbZIEj4+VJf6saSFpvD+3Zsw=="
    },
    "@types/ws": {
      "version": "6.0.4",
      "resolved": "https://registry.npmjs.org/@types/ws/-/ws-6.0.4.tgz",
      "integrity": "sha512-PpPrX7SZW9re6+Ha8ojZG4Se8AZXgf0GK6zmfqEuCsY49LFDNXO3SByp44X3dFEqtB73lkCDAdUazhAjVPiNwg==",
      "requires": {
        "@types/node": "*"
      }
    },
    "async-limiter": {
      "version": "1.0.1",
      "resolved": "https://registry.npmjs.org/async-limiter/-/async-limiter-1.0.1.tgz",
      "integrity": "sha512-csOlWGAcRFJaI6m+F2WKdnMKr4HhdhFVBk0H/QbJFMCr+uO2kwohwXQPxw/9OCxp05r5ghVBFSyioixx3gfkNQ=="
    },
    "backo2": {
      "version": "1.0.2",
      "resolved": "https://registry.npmjs.org/backo2/-/backo2-1.0.2.tgz",
      "integrity": "sha1-MasayLEpNjRj41s+u2n038+6eUc="
    },
    "eventemitter3": {
      "version": "3.1.2",
      "resolved": "https://registry.npmjs.org/eventemitter3/-/eventemitter3-3.1.2.tgz",
      "integrity": "sha512-tvtQIeLVHjDkJYnzf2dgVMxfuSGJeM/7UCG17TT4EumTfNtF+0nebF/4zWOIkCreAbtNqhGEboB6BWrwqNaw4Q=="
    },
    "graphql": {
      "version": "15.6.1",
      "resolved": "https://registry.npmjs.org/graphql/-/graphql-15.6.1.tgz",
      "integrity": "sha512-3i5lu0z6dRvJ48QP9kFxBkJ7h4Kso7PS8eahyTFz5Jm6CvQfLtNIE8LX9N6JLnXTuwR+sIYnXzaWp6anOg0QQw==",
      "peer": true
    },
    "graphql-query-batcher": {
      "version": "1.0.1",
      "resolved": "https://registry.npmjs.org/graphql-query-batcher/-/graphql-query-batcher-1.0.1.tgz",
      "integrity": "sha512-NGntvsC2R6c+yqOiMfKXZL3/PpQUIpy70RgroPXRcuDJ1wxJJFesJAEu3Wv5gLbOpr/xPqXCMw2yTGHbqs8uqQ=="
    },
    "isomorphic-unfetch": {
      "version": "3.1.0",
      "resolved": "https://registry.npmjs.org/isomorphic-unfetch/-/isomorphic-unfetch-3.1.0.tgz",
      "integrity": "sha512-geDJjpoZ8N0kWexiwkX8F9NkTsXhetLPVbZFQ+JTW239QNOwvB0gniuR1Wc6f0AMTn7/mFGyXvHTifrCp/GH8Q==",
      "requires": {
        "node-fetch": "^2.6.1",
        "unfetch": "^4.2.0"
      }
    },
    "iterall": {
      "version": "1.3.0",
      "resolved": "https://registry.npmjs.org/iterall/-/iterall-1.3.0.tgz",
      "integrity": "sha512-QZ9qOMdF+QLHxy1QIpUHUU1D5pS2CG2P69LF6L6CPjPYA/XMOmKV3PZpawHoAjHNyB0swdVTRxdYT4tbBbxqwg=="
    },
    "lodash": {
      "version": "4.17.21",
      "resolved": "https://registry.npmjs.org/lodash/-/lodash-4.17.21.tgz",
      "integrity": "sha512-v2kDEe57lecTulaDIuNTPy3Ry4gLGJ6Z1O3vE1krgXZNrsQ+LFTGHVxVjcXPs17LhbZVGedAJv8XZ1tvj5FvSg=="
    },
    "node-fetch": {
      "version": "2.6.5",
      "resolved": "https://registry.npmjs.org/node-fetch/-/node-fetch-2.6.5.tgz",
      "integrity": "sha512-mmlIVHJEu5rnIxgEgez6b9GgWXbkZj5YZ7fx+2r94a2E+Uirsp6HsPTPlomfdHtpt/B0cdKviwkoaM6pyvUOpQ==",
      "requires": {
        "whatwg-url": "^5.0.0"
      }
    },
    "subscriptions-transport-ws": {
      "version": "0.9.19",
      "resolved": "https://registry.npmjs.org/subscriptions-transport-ws/-/subscriptions-transport-ws-0.9.19.tgz",
      "integrity": "sha512-dxdemxFFB0ppCLg10FTtRqH/31FNRL1y1BQv8209MK5I4CwALb7iihQg+7p65lFcIl8MHatINWBLOqpgU4Kyyw==",
      "requires": {
        "backo2": "^1.0.2",
        "eventemitter3": "^3.1.0",
        "iterall": "^1.2.1",
        "symbol-observable": "^1.0.4",
        "ws": "^5.2.0 || ^6.0.0 || ^7.0.0"
      }
    },
    "symbol-observable": {
      "version": "1.2.0",
      "resolved": "https://registry.npmjs.org/symbol-observable/-/symbol-observable-1.2.0.tgz",
      "integrity": "sha512-e900nM8RRtGhlV36KGEU9k65K3mPb1WV70OdjfxlG2EAuM1noi/E/BaW/uMhL7bPEssK8QV57vN3esixjUvcXQ=="
    },
    "tr46": {
      "version": "0.0.3",
      "resolved": "https://registry.npmjs.org/tr46/-/tr46-0.0.3.tgz",
      "integrity": "sha1-gYT9NH2snNwYWZLzpmIuFLnZq2o="
    },
    "tslib": {
      "version": "2.3.1",
      "resolved": "https://registry.npmjs.org/tslib/-/tslib-2.3.1.tgz",
      "integrity": "sha512-77EbyPPpMz+FRFRuAFlWMtmgUWGe9UOG2Z25NqCwiIjRhOf5iKGuzSe5P2w1laq+FkRy4p+PCuVkJSGkzTEKVw=="
    },
    "unfetch": {
      "version": "4.2.0",
      "resolved": "https://registry.npmjs.org/unfetch/-/unfetch-4.2.0.tgz",
      "integrity": "sha512-F9p7yYCn6cIW9El1zi0HI6vqpeIvBsr3dSuRO6Xuppb1u5rXpCPmMvLSyECLhybr9isec8Ohl0hPekMVrEinDA=="
    },
    "utility-types": {
      "version": "3.10.0",
      "resolved": "https://registry.npmjs.org/utility-types/-/utility-types-3.10.0.tgz",
      "integrity": "sha512-O11mqxmi7wMKCo6HKFt5AhO4BwY3VV68YU07tgxfz8zJTIxr4BpsezN49Ffwy9j3ZpwwJp4fkRwjRzq3uWE6Rg=="
    },
    "webidl-conversions": {
      "version": "3.0.1",
      "resolved": "https://registry.npmjs.org/webidl-conversions/-/webidl-conversions-3.0.1.tgz",
      "integrity": "sha1-JFNCdeKnvGvnvIZhHMFq4KVlSHE="
    },
    "whatwg-url": {
      "version": "5.0.0",
      "resolved": "https://registry.npmjs.org/whatwg-url/-/whatwg-url-5.0.0.tgz",
      "integrity": "sha1-lmRU6HZUYuN2RNNib2dCzotwll0=",
      "requires": {
        "tr46": "~0.0.3",
        "webidl-conversions": "^3.0.0"
      }
    },
    "ws": {
      "version": "6.2.2",
      "resolved": "https://registry.npmjs.org/ws/-/ws-6.2.2.tgz",
      "integrity": "sha512-zmhltoSR8u1cnDsD43TX59mzoMZsLKqUweyYBAIvTngR3shc0W6aOZylZmq/7hqyVxPdi+5Ud2QInblgyE72fw==",
      "requires": {
        "async-limiter": "~1.0.0"
      }
    },
    "zen-observable": {
      "version": "0.8.15",
      "resolved": "https://registry.npmjs.org/zen-observable/-/zen-observable-0.8.15.tgz",
      "integrity": "sha512-PQ2PC7R9rslx84ndNBZB/Dkv8V8fZEpk83RLgXtYd0fwUgEjseMn1Dgajh2x6S8QbZAFa9p2qVCEuYZNgve0dQ=="
    },
    "zen-observable-ts": {
      "version": "0.8.21",
      "resolved": "https://registry.npmjs.org/zen-observable-ts/-/zen-observable-ts-0.8.21.tgz",
      "integrity": "sha512-Yj3yXweRc8LdRMrCC8nIc4kkjWecPAUVh0TI0OUrWXx6aX790vLcDlWca6I4vsyCGH3LpWxq0dJRcMOFoVqmeg==",
      "requires": {
        "tslib": "^1.9.3",
        "zen-observable": "^0.8.0"
      },
      "dependencies": {
        "tslib": {
          "version": "1.14.1",
          "resolved": "https://registry.npmjs.org/tslib/-/tslib-1.14.1.tgz",
          "integrity": "sha512-Xni35NKzjgMrwevysHTCArtLDpPvye8zV/0E4EyYn43P7/7qvQwPh9BGkHewbMulVntbigmcT7rdX3BNo9wRJg=="
        }
      }
    }
  }
}
